
Microsoft Visual Studio Solution File, Format Version 12.00
# Visual Studio 14
VisualStudioVersion = 14.0.25420.1
MinimumVisualStudioVersion = 10.0.40219.1
Project("{FAE04EC0-301F-11D3-BF4B-00C04F79EFBC}") = "AnimalsShelter.Web", "AnimalsShelter.Web\AnimalsShelter.Web.csproj", "{A492D1DC-F367-411C-A105-B62C32466EC9}"
EndProject
Project("{FAE04EC0-301F-11D3-BF4B-00C04F79EFBC}") = "AnimalsShelter.Data", "AnimalsShelter.Data\AnimalsShelter.Data.csproj", "{DE4B3984-BDC4-42A7-985E-4E2E8A80E1FC}"
EndProject
Project("{2150E333-8FDC-42A3-9474-1A3956D46DE8}") = "Common", "Common", "{E2D7F1C3-FA2E-45B9-98EB-32A02BF83475}"
EndProject
Project("{FAE04EC0-301F-11D3-BF4B-00C04F79EFBC}") = "AnimalShelter.Common", "AnimalShelter.Common\AnimalShelter.Common.csproj", "{025299BF-C3FD-4629-AB27-4D61B9D69E1B}"
EndProject
Project("{FAE04EC0-301F-11D3-BF4B-00C04F79EFBC}") = "AnimalsShelter.Data.Model", "AnimalsShelter.Data.Model\AnimalsShelter.Data.Model.csproj", "{8C78F957-4B40-4EE2-97E1-91F19CF80E67}"
EndProject
Project("{FAE04EC0-301F-11D3-BF4B-00C04F79EFBC}") = "AnimalsShelter.Services", "AnimalsShelter.Services\AnimalsShelter.Services.csproj", "{9089AA82-1202-407B-BE45-966616E87F6C}"
EndProject
Project("{FAE04EC0-301F-11D3-BF4B-00C04F79EFBC}") = "AnimalsShelter.UnitTests", "AnimalsShelter.UnitTests\AnimalsShelter.UnitTests.csproj", "{3A6B182C-4C07-499F-A1BB-F776A90BD7FD}"
EndProject
Global
	GlobalSection(SolutionConfigurationPlatforms) = preSolution
		Debug|Any CPU = Debug|Any CPU
		Release|Any CPU = Release|Any CPU
	EndGlobalSection
	GlobalSection(ProjectConfigurationPlatforms) = postSolution
		{A492D1DC-F367-411C-A105-B62C32466EC9}.Debug|Any CPU.ActiveCfg = Debug|Any CPU
		{A492D1DC-F367-411C-A105-B62C32466EC9}.Debug|Any CPU.Build.0 = Debug|Any CPU
		{A492D1DC-F367-411C-A105-B62C32466EC9}.Release|Any CPU.ActiveCfg = Release|Any CPU
		{A492D1DC-F367-411C-A105-B62C32466EC9}.Release|Any CPU.Build.0 = Release|Any CPU
		{DE4B3984-BDC4-42A7-985E-4E2E8A80E1FC}.Debug|Any CPU.ActiveCfg = Debug|Any CPU
		{DE4B3984-BDC4-42A7-985E-4E2E8A80E1FC}.Debug|Any CPU.Build.0 = Debug|Any CPU
		{DE4B3984-BDC4-42A7-985E-4E2E8A80E1FC}.Release|Any CPU.ActiveCfg = Release|Any CPU
		{DE4B3984-BDC4-42A7-985E-4E2E8A80E1FC}.Release|Any CPU.Build.0 = Release|Any CPU
		{025299BF-C3FD-4629-AB27-4D61B9D69E1B}.Debug|Any CPU.ActiveCfg = Debug|Any CPU
		{025299BF-C3FD-4629-AB27-4D61B9D69E1B}.Debug|Any CPU.Build.0 = Debug|Any CPU
		{025299BF-C3FD-4629-AB27-4D61B9D69E1B}.Release|Any CPU.ActiveCfg = Release|Any CPU
		{025299BF-C3FD-4629-AB27-4D61B9D69E1B}.Release|Any CPU.Build.0 = Release|Any CPU
		{8C78F957-4B40-4EE2-97E1-91F19CF80E67}.Debug|Any CPU.ActiveCfg = Debug|Any CPU
		{8C78F957-4B40-4EE2-97E1-91F19CF80E67}.Debug|Any CPU.Build.0 = Debug|Any CPU
		{8C78F957-4B40-4EE2-97E1-91F19CF80E67}.Release|Any CPU.ActiveCfg = Release|Any CPU
		{8C78F957-4B40-4EE2-97E1-91F19CF80E67}.Release|Any CPU.Build.0 = Release|Any CPU
		{9089AA82-1202-407B-BE45-966616E87F6C}.Debug|Any CPU.ActiveCfg = Debug|Any CPU
		{9089AA82-1202-407B-BE45-966616E87F6C}.Debug|Any CPU.Build.0 = Debug|Any CPU
		{9089AA82-1202-407B-BE45-966616E87F6C}.Release|Any CPU.ActiveCfg = Release|Any CPU
		{9089AA82-1202-407B-BE45-966616E87F6C}.Release|Any CPU.Build.0 = Release|Any CPU
		{3A6B182C-4C07-499F-A1BB-F776A90BD7FD}.Debug|Any CPU.ActiveCfg = Debug|Any CPU
		{3A6B182C-4C07-499F-A1BB-F776A90BD7FD}.Debug|Any CPU.Build.0 = Debug|Any CPU
		{3A6B182C-4C07-499F-A1BB-F776A90BD7FD}.Release|Any CPU.ActiveCfg = Release|Any CPU
		{3A6B182C-4C07-499F-A1BB-F776A90BD7FD}.Release|Any CPU.Build.0 = Release|Any CPU
	EndGlobalSection
	GlobalSection(SolutionProperties) = preSolution
		HideSolutionNode = FALSE
	EndGlobalSection
	GlobalSection(NestedProjects) = preSolution
		{025299BF-C3FD-4629-AB27-4D61B9D69E1B} = {E2D7F1C3-FA2E-45B9-98EB-32A02BF83475}
	EndGlobalSection
	GlobalSection(ExtensibilityGlobals) = postSolution
		SolutionGuid = {750FB037-1287-4376-BD77-66E35051E50B}
	EndGlobalSection
EndGlobal
